// !$*UTF8*$!
{
	archiveVersion = 1;
	classes = {
	};
	objectVersion = 55;
	objects = {

/* Begin PBXBuildFile section */
		F2576CF227AF23AB00F2B50F /* Tic_Tac_ToeApp.swift in Sources */ = {isa = PBXBuildFile; fileRef = F2576CE227AF23AA00F2B50F /* Tic_Tac_ToeApp.swift */; };
		F2576CF327AF23AB00F2B50F /* Tic_Tac_ToeApp.swift in Sources */ = {isa = PBXBuildFile; fileRef = F2576CE227AF23AA00F2B50F /* Tic_Tac_ToeApp.swift */; };
		F2576CF427AF23AB00F2B50F /* ContentView.swift in Sources */ = {isa = PBXBuildFile; fileRef = F2576CE327AF23AA00F2B50F /* ContentView.swift */; };
		F2576CF527AF23AB00F2B50F /* ContentView.swift in Sources */ = {isa = PBXBuildFile; fileRef = F2576CE327AF23AA00F2B50F /* ContentView.swift */; };
		F2576CF627AF23AB00F2B50F /* Assets.xcassets in Resources */ = {isa = PBXBuildFile; fileRef = F2576CE427AF23AB00F2B50F /* Assets.xcassets */; };
		F2576CF727AF23AB00F2B50F /* Assets.xcassets in Resources */ = {isa = PBXBuildFile; fileRef = F2576CE427AF23AB00F2B50F /* Assets.xcassets */; };
		F2576D0127AF536500F2B50F /* Alerts.swift in Sources */ = {isa = PBXBuildFile; fileRef = F2576D0027AF536500F2B50F /* Alerts.swift */; };
		F2576D0227AF536500F2B50F /* Alerts.swift in Sources */ = {isa = PBXBuildFile; fileRef = F2576D0027AF536500F2B50F /* Alerts.swift */; };
/* End PBXBuildFile section */

/* Begin PBXFileReference section */
		F2576CE227AF23AA00F2B50F /* Tic_Tac_ToeApp.swift */ = {isa = PBXFileReference; lastKnownFileType = sourcecode.swift; path = Tic_Tac_ToeApp.swift; sourceTree = "<group>"; };
		F2576CE327AF23AA00F2B50F /* ContentView.swift */ = {isa = PBXFileReference; lastKnownFileType = sourcecode.swift; path = ContentView.swift; sourceTree = "<group>"; };
		F2576CE427AF23AB00F2B50F /* Assets.xcassets */ = {isa = PBXFileReference; lastKnownFileType = folder.assetcatalog; path = Assets.xcassets; sourceTree = "<group>"; };
		F2576CE927AF23AB00F2B50F /* Tic-Tac_Toe.app */ = {isa = PBXFileReference; explicitFileType = wrapper.application; includeInIndex = 0; path = "Tic-Tac_Toe.app"; sourceTree = BUILT_PRODUCTS_DIR; };
		F2576CEF27AF23AB00F2B50F /* Tic-Tac_Toe.app */ = {isa = PBXFileReference; explicitFileType = wrapper.application; includeInIndex = 0; path = "Tic-Tac_Toe.app"; sourceTree = BUILT_PRODUCTS_DIR; };
		F2576CF127AF23AB00F2B50F /* macOS.entitlements */ = {isa = PBXFileReference; lastKnownFileType = text.plist.entitlements; path = macOS.entitlements; sourceTree = "<group>"; };
		F2576D0027AF536500F2B50F /* Alerts.swift */ = {isa = PBXFileReference; lastKnownFileType = sourcecode.swift; path = Alerts.swift; sourceTree = "<group>"; };
/* End PBXFileReference section */

/* Begin PBXFrameworksBuildPhase section */
		F2576CE627AF23AB00F2B50F /* Frameworks */ = {
			isa = PBXFrameworksBuildPhase;
			buildActionMask = 2147483647;
			files = (
			);
			runOnlyForDeploymentPostprocessing = 0;
		};
		F2576CEC27AF23AB00F2B50F /* Frameworks */ = {
			isa = PBXFrameworksBuildPhase;
			buildActionMask = 2147483647;
			files = (
			);
			runOnlyForDeploymentPostprocessing = 0;
		};
/* End PBXFrameworksBuildPhase section */

/* Begin PBXGroup section */
		F2576CDC27AF23AA00F2B50F = {
			isa = PBXGroup;
			children = (
				F2576CE127AF23AA00F2B50F /* Shared */,
				F2576CF027AF23AB00F2B50F /* macOS */,
				F2576CEA27AF23AB00F2B50F /* Products */,
			);
			sourceTree = "<group>";
		};
		F2576CE127AF23AA00F2B50F /* Shared */ = {
			isa = PBXGroup;
			children = (
				F2576CE227AF23AA00F2B50F /* Tic_Tac_ToeApp.swift */,
				F2576CE327AF23AA00F2B50F /* ContentView.swift */,
				F2576CE427AF23AB00F2B50F /* Assets.xcassets */,
				F2576D0027AF536500F2B50F /* Alerts.swift */,
			);
			path = Shared;
			sourceTree = "<group>";
		};
		F2576CEA27AF23AB00F2B50F /* Products */ = {
			isa = PBXGroup;
			children = (
				F2576CE927AF23AB00F2B50F /* Tic-Tac_Toe.app */,
				F2576CEF27AF23AB00F2B50F /* Tic-Tac_Toe.app */,
			);
			name = Products;
			sourceTree = "<group>";
		};
		F2576CF027AF23AB00F2B50F /* macOS */ = {
			isa = PBXGroup;
			children = (
				F2576CF127AF23AB00F2B50F /* macOS.entitlements */,
			);
			path = macOS;
			sourceTree = "<group>";
		};
/* End PBXGroup section */

/* Begin PBXNativeTarget section */
		F2576CE827AF23AB00F2B50F /* Tic-Tac_Toe (iOS) */ = {
			isa = PBXNativeTarget;
			buildConfigurationList = F2576CFA27AF23AB00F2B50F /* Build configuration list for PBXNativeTarget "Tic-Tac_Toe (iOS)" */;
			buildPhases = (
				F2576CE527AF23AB00F2B50F /* Sources */,
				F2576CE627AF23AB00F2B50F /* Frameworks */,
				F2576CE727AF23AB00F2B50F /* Resources */,
			);
			buildRules = (
			);
			dependencies = (
			);
			name = "Tic-Tac_Toe (iOS)";
			productName = "Tic-Tac_Toe (iOS)";
			productReference = F2576CE927AF23AB00F2B50F /* Tic-Tac_Toe.app */;
			productType = "com.apple.product-type.application";
		};
		F2576CEE27AF23AB00F2B50F /* Tic-Tac_Toe (macOS) */ = {
			isa = PBXNativeTarget;
			buildConfigurationList = F2576CFD27AF23AB00F2B50F /* Build configuration list for PBXNativeTarget "Tic-Tac_Toe (macOS)" */;
			buildPhases = (
				F2576CEB27AF23AB00F2B50F /* Sources */,
				F2576CEC27AF23AB00F2B50F /* Frameworks */,
				F2576CED27AF23AB00F2B50F /* Resources */,
			);
			buildRules = (
			);
			dependencies = (
			);
			name = "Tic-Tac_Toe (macOS)";
			productName = "Tic-Tac_Toe (macOS)";
			productReference = F2576CEF27AF23AB00F2B50F /* Tic-Tac_Toe.app */;
			productType = "com.apple.product-type.application";
		};
/* End PBXNativeTarget section */

/* Begin PBXProject section */
		F2576CDD27AF23AA00F2B50F /* Project object */ = {
			isa = PBXProject;
			attributes = {
				BuildIndependentTargetsInParallel = 1;
				LastSwiftUpdateCheck = 1320;
				LastUpgradeCheck = 1320;
				TargetAttributes = {
					F2576CE827AF23AB00F2B50F = {
						CreatedOnToolsVersion = 13.2.1;
					};
					F2576CEE27AF23AB00F2B50F = {
						CreatedOnToolsVersion = 13.2.1;
					};
				};
			};
			buildConfigurationList = F2576CE027AF23AA00F2B50F /* Build configuration list for PBXProject "Tic-Tac_Toe" */;
			compatibilityVersion = "Xcode 13.0";
			developmentRegion = en;
			hasScannedForEncodings = 0;
			knownRegions = (
				en,
				Base,
			);
			mainGroup = F2576CDC27AF23AA00F2B50F;
			productRefGroup = F2576CEA27AF23AB00F2B50F /* Products */;
			projectDirPath = "";
			projectRoot = "";
			targets = (
				F2576CE827AF23AB00F2B50F /* Tic-Tac_Toe (iOS) */,
				F2576CEE27AF23AB00F2B50F /* Tic-Tac_Toe (macOS) */,
			);
		};
/* End PBXProject section */

/* Begin PBXResourcesBuildPhase section */
		F2576CE727AF23AB00F2B50F /* Resources */ = {
			isa = PBXResourcesBuildPhase;
			buildActionMask = 2147483647;
			files = (
				F2576CF627AF23AB00F2B50F /* Assets.xcassets in Resources */,
			);
			runOnlyForDeploymentPostprocessing = 0;
		};
		F2576CED27AF23AB00F2B50F /* Resources */ = {
			isa = PBXResourcesBuildPhase;
			buildActionMask = 2147483647;
			files = (
				F2576CF727AF23AB00F2B50F /* Assets.xcassets in Resources */,
			);
			runOnlyForDeploymentPostprocessing = 0;
		};
/* End PBXResourcesBuildPhase section */

/* Begin PBXSourcesBuildPhase section */
		F2576CE527AF23AB00F2B50F /* Sources */ = {
			isa = PBXSourcesBuildPhase;
			buildActionMask = 2147483647;
			files = (
				F2576CF427AF23AB00F2B50F /* ContentView.swift in Sources */,
				F2576D0127AF536500F2B50F /* Alerts.swift in Sources */,
				F2576CF227AF23AB00F2B50F /* Tic_Tac_ToeApp.swift in Sources */,
			);
			runOnlyForDeploymentPostprocessing = 0;
		};
		F2576CEB27AF23AB00F2B50F /* Sources */ = {
			isa = PBXSourcesBuildPhase;
			buildActionMask = 2147483647;
			files = (
				F2576CF527AF23AB00F2B50F /* ContentView.swift in Sources */,
				F2576D0227AF536500F2B50F /* Alerts.swift in Sources */,
				F2576CF327AF23AB00F2B50F /* Tic_Tac_ToeApp.swift in Sources */,
			);
			runOnlyForDeploymentPostprocessing = 0;
		};
/* End PBXSourcesBuildPhase section */

/* Begin XCBuildConfiguration section */
		F2576CF827AF23AB00F2B50F /* Debug */ = {
			isa = XCBuildConfiguration;
			buildSettings = {
				ALWAYS_SEARCH_USER_PATHS = NO;
				CLANG_ANALYZER_NONNULL = YES;
				CLANG_ANALYZER_NUMBER_OBJECT_CONVERSION = YES_AGGRESSIVE;
				CLANG_CXX_LANGUAGE_STANDARD = "gnu++17";
				CLANG_CXX_LIBRARY = "libc++";
				CLANG_ENABLE_MODULES = YES;
				CLANG_ENABLE_OBJC_ARC = YES;
				CLANG_ENABLE_OBJC_WEAK = YES;
				CLANG_WARN_BLOCK_CAPTURE_AUTORELEASING = YES;
				CLANG_WARN_BOOL_CONVERSION = YES;
				CLANG_WARN_COMMA = YES;
				CLANG_WARN_CONSTANT_CONVERSION = YES;
				CLANG_WARN_DEPRECATED_OBJC_IMPLEMENTATIONS = YES;
				CLANG_WARN_DIRECT_OBJC_ISA_USAGE = YES_ERROR;
				CLANG_WARN_DOCUMENTATION_COMMENTS = YES;
				CLANG_WARN_EMPTY_BODY = YES;
				CLANG_WARN_ENUM_CONVERSION = YES;
				CLANG_WARN_INFINITE_RECURSION = YES;
				CLANG_WARN_INT_CONVERSION = YES;
				CLANG_WARN_NON_LITERAL_NULL_CONVERSION = YES;
				CLANG_WARN_OBJC_IMPLICIT_RETAIN_SELF = YES;
				CLANG_WARN_OBJC_LITERAL_CONVERSION = YES;
				CLANG_WARN_OBJC_ROOT_CLASS = YES_ERROR;
				CLANG_WARN_QUOTED_INCLUDE_IN_FRAMEWORK_HEADER = YES;
				CLANG_WARN_RANGE_LOOP_ANALYSIS = YES;
				CLANG_WARN_STRICT_PROTOTYPES = YES;
				CLANG_WARN_SUSPICIOUS_MOVE = YES;
				CLANG_WARN_UNGUARDED_AVAILABILITY = YES_AGGRESSIVE;
				CLANG_WARN_UNREACHABLE_CODE = YES;
				CLANG_WARN__DUPLICATE_METHOD_MATCH = YES;
				COPY_PHASE_STRIP = NO;
				DEBUG_INFORMATION_FORMAT = dwarf;
				ENABLE_STRICT_OBJC_MSGSEND = YES;
				ENABLE_TESTABILITY = YES;
				GCC_C_LANGUAGE_STANDARD = gnu11;
				GCC_DYNAMIC_NO_PIC = NO;
				GCC_NO_COMMON_BLOCKS = YES;
				GCC_OPTIMIZATION_LEVEL = 0;
				GCC_PREPROCESSOR_DEFINITIONS = (
					"DEBUG=1",
					"$(inherited)",
				);
				GCC_WARN_64_TO_32_BIT_CONVERSION = YES;
				GCC_WARN_ABOUT_RETURN_TYPE = YES_ERROR;
				GCC_WARN_UNDECLARED_SELECTOR = YES;
				GCC_WARN_UNINITIALIZED_AUTOS = YES_AGGRESSIVE;
				GCC_WARN_UNUSED_FUNCTION = YES;
				GCC_WARN_UNUSED_VARIABLE = YES;
				MTL_ENABLE_DEBUG_INFO = INCLUDE_SOURCE;
				MTL_FAST_MATH = YES;
				ONLY_ACTIVE_ARCH = YES;
				SWIFT_ACTIVE_COMPILATION_CONDITIONS = DEBUG;
				SWIFT_OPTIMIZATION_LEVEL = "-Onone";
			};
			name = Debug;
		};
		F2576CF927AF23AB00F2B50F /* Release */ = {
			isa = XCBuildConfiguration;
			buildSettings = {
				ALWAYS_SEARCH_USER_PATHS = NO;
				CLANG_ANALYZER_NONNULL = YES;
				CLANG_ANALYZER_NUMBER_OBJECT_CONVERSION = YES_AGGRESSIVE;
				CLANG_CXX_LANGUAGE_STANDARD = "gnu++17";
				CLANG_CXX_LIBRARY = "libc++";
				CLANG_ENABLE_MODULES = YES;
				CLANG_ENABLE_OBJC_ARC = YES;
				CLANG_ENABLE_OBJC_WEAK = YES;
				CLANG_WARN_BLOCK_CAPTURE_AUTORELEASING = YES;
				CLANG_WARN_BOOL_CONVERSION = YES;
				CLANG_WARN_COMMA = YES;
				CLANG_WARN_CONSTANT_CONVERSION = YES;
				CLANG_WARN_DEPRECATED_OBJC_IMPLEMENTATIONS = YES;
				CLANG_WARN_DIRECT_OBJC_ISA_USAGE = YES_ERROR;
				CLANG_WARN_DOCUMENTATION_COMMENTS = YES;
				CLANG_WARN_EMPTY_BODY = YES;
				CLANG_WARN_ENUM_CONVERSION = YES;
				CLANG_WARN_INFINITE_RECURSION = YES;
				CLANG_WARN_INT_CONVERSION = YES;
				CLANG_WARN_NON_LITERAL_NULL_CONVERSION = YES;
				CLANG_WARN_OBJC_IMPLICIT_RETAIN_SELF = YES;
				CLANG_WARN_OBJC_LITERAL_CONVERSION = YES;
				CLANG_WARN_OBJC_ROOT_CLASS = YES_ERROR;
				CLANG_WARN_QUOTED_INCLUDE_IN_FRAMEWORK_HEADER = YES;
				CLANG_WARN_RANGE_LOOP_ANALYSIS = YES;
				CLANG_WARN_STRICT_PROTOTYPES = YES;
				CLANG_WARN_SUSPICIOUS_MOVE = YES;
				CLANG_WARN_UNGUARDED_AVAILABILITY = YES_AGGRESSIVE;
				CLANG_WARN_UNREACHABLE_CODE = YES;
				CLANG_WARN__DUPLICATE_METHOD_MATCH = YES;
				COPY_PHASE_STRIP = NO;
				DEBUG_INFORMATION_FORMAT = "dwarf-with-dsym";
				ENABLE_NS_ASSERTIONS = NO;
				ENABLE_STRICT_OBJC_MSGSEND = YES;
				GCC_C_LANGUAGE_STANDARD = gnu11;
				GCC_NO_COMMON_BLOCKS = YES;
				GCC_WARN_64_TO_32_BIT_CONVERSION = YES;
				GCC_WARN_ABOUT_RETURN_TYPE = YES_ERROR;
				GCC_WARN_UNDECLARED_SELECTOR = YES;
				GCC_WARN_UNINITIALIZED_AUTOS = YES_AGGRESSIVE;
				GCC_WARN_UNUSED_FUNCTION = YES;
				GCC_WARN_UNUSED_VARIABLE = YES;
				MTL_ENABLE_DEBUG_INFO = NO;
				MTL_FAST_MATH = YES;
				SWIFT_COMPILATION_MODE = wholemodule;
				SWIFT_OPTIMIZATION_LEVEL = "-O";
			};
			name = Release;
		};
		F2576CFB27AF23AB00F2B50F /* Debug */ = {
			isa = XCBuildConfiguration;
			buildSettings = {
				ASSETCATALOG_COMPILER_APPICON_NAME = AppIcon;
				ASSETCATALOG_COMPILER_GLOBAL_ACCENT_COLOR_NAME = AccentColor;
				CODE_SIGN_STYLE = Automatic;
				CURRENT_PROJECT_VERSION = 1;
				DEVELOPMENT_TEAM = Y93A3T5V6X;
				ENABLE_PREVIEWS = YES;
				GENERATE_INFOPLIST_FILE = YES;
				INFOPLIST_KEY_UIApplicationSceneManifest_Generation = YES;
				INFOPLIST_KEY_UIApplicationSupportsIndirectInputEvents = YES;
				INFOPLIST_KEY_UILaunchScreen_Generation = YES;
				INFOPLIST_KEY_UISupportedInterfaceOrientations_iPad = "UIInterfaceOrientationPortrait UIInterfaceOrientationPortraitUpsideDown UIInterfaceOrientationLandscapeLeft UIInterfaceOrientationLandscapeRight";
				INFOPLIST_KEY_UISupportedInterfaceOrientations_iPhone = "UIInterfaceOrientationPortrait UIInterfaceOrientationLandscapeLeft UIInterfaceOrientationLandscapeRight";
				IPHONEOS_DEPLOYMENT_TARGET = 15.2;
				LD_RUNPATH_SEARCH_PATHS = (
					"$(inherited)",
					"@executable_path/Frameworks",
				);
				MARKETING_VERSION = 1.0;
				PRODUCT_BUNDLE_IDENTIFIER = "com.kevinmhankes.Tic-Tac-Toe";
				PRODUCT_NAME = "Tic-Tac_Toe";
				SDKROOT = iphoneos;
				SWIFT_EMIT_LOC_STRINGS = YES;
				SWIFT_VERSION = 5.0;
				TARGETED_DEVICE_FAMILY = "1,2";
			};
			name = Debug;
		};
		F2576CFC27AF23AB00F2B50F /* Release */ = {
			isa = XCBuildConfiguration;
			buildSettings = {
				ASSETCATALOG_COMPILER_APPICON_NAME = AppIcon;
				ASSETCATALOG_COMPILER_GLOBAL_ACCENT_COLOR_NAME = AccentColor;
				CODE_SIGN_STYLE = Automatic;
				CURRENT_PROJECT_VERSION = 1;
				DEVELOPMENT_TEAM = Y93A3T5V6X;
				ENABLE_PREVIEWS = YES;
				GENERATE_INFOPLIST_FILE = YES;
				INFOPLIST_KEY_UIApplicationSceneManifest_Generation = YES;
				INFOPLIST_KEY_UIApplicationSupportsIndirectInputEvents = YES;
				INFOPLIST_KEY_UILaunchScreen_Generation = YES;
				INFOPLIST_KEY_UISupportedInterfaceOrientations_iPad = "UIInterfaceOrientationPortrait UIInterfaceOrientationPortraitUpsideDown UIInterfaceOrientationLandscapeLeft UIInterfaceOrientationLandscapeRight";
				INFOPLIST_KEY_UISupportedInterfaceOrientations_iPhone = "UIInterfaceOrientationPortrait UIInterfaceOrientationLandscapeLeft UIInterfaceOrientationLandscapeRight";
				IPHONEOS_DEPLOYMENT_TARGET = 15.2;
				LD_RUNPATH_SEARCH_PATHS = (
					"$(inherited)",
					"@executable_path/Frameworks",
				);
				MARKETING_VERSION = 1.0;
				PRODUCT_BUNDLE_IDENTIFIER = "com.kevinmhankes.Tic-Tac-Toe";
				PRODUCT_NAME = "Tic-Tac_Toe";
				SDKROOT = iphoneos;
				SWIFT_EMIT_LOC_STRINGS = YES;
				SWIFT_VERSION = 5.0;
				TARGETED_DEVICE_FAMILY = "1,2";
				VALIDATE_PRODUCT = YES;
			};
			name = Release;
		};
		F2576CFE27AF23AB00F2B50F /* Debug */ = {
			isa = XCBuildConfiguration;
			buildSettings = {
				ASSETCATALOG_COMPILER_APPICON_NAME = AppIcon;
				ASSETCATALOG_COMPILER_GLOBAL_ACCENT_COLOR_NAME = AccentColor;
				CODE_SIGN_ENTITLEMENTS = macOS/macOS.entitlements;
				CODE_SIGN_STYLE = Automatic;
				COMBINE_HIDPI_IMAGES = YES;
				CURRENT_PROJECT_VERSION = 1;
				DEVELOPMENT_TEAM = Y93A3T5V6X;
				ENABLE_HARDENED_RUNTIME = YES;
				ENABLE_PREVIEWS = YES;
				GENERATE_INFOPLIST_FILE = YES;
				INFOPLIST_KEY_NSHumanReadableCopyright = "";
				LD_RUNPATH_SEARCH_PATHS = (
					"$(inherited)",
					"@executable_path/../Frameworks",
				);
				MACOSX_DEPLOYMENT_TARGET = 12.1;
				MARKETING_VERSION = 1.0;
				PRODUCT_BUNDLE_IDENTIFIER = "com.kevinmhankes.Tic-Tac-Toe";
				PRODUCT_NAME = "Tic-Tac_Toe";
				SDKROOT = macosx;
				SWIFT_EMIT_LOC_STRINGS = YES;
				SWIFT_VERSION = 5.0;
			};
			name = Debug;
		};
		F2576CFF27AF23AB00F2B50F /* Release */ = {
			isa = XCBuildConfiguration;
			buildSettings = {
				ASSETCATALOG_COMPILER_APPICON_NAME = AppIcon;
				ASSETCATALOG_COMPILER_GLOBAL_ACCENT_COLOR_NAME = AccentColor;
				CODE_SIGN_ENTITLEMENTS = macOS/macOS.entitlements;
				CODE_SIGN_STYLE = Automatic;
				COMBINE_HIDPI_IMAGES = YES;
				CURRENT_PROJECT_VERSION = 1;
				DEVELOPMENT_TEAM = Y93A3T5V6X;
				ENABLE_HARDENED_RUNTIME = YES;
				ENABLE_PREVIEWS = YES;
				GENERATE_INFOPLIST_FILE = YES;
				INFOPLIST_KEY_NSHumanReadableCopyright = "";
				LD_RUNPATH_SEARCH_PATHS = (
					"$(inherited)",
					"@executable_path/../Frameworks",
				);
				MACOSX_DEPLOYMENT_TARGET = 12.1;
				MARKETING_VERSION = 1.0;
				PRODUCT_BUNDLE_IDENTIFIER = "com.kevinmhankes.Tic-Tac-Toe";
				PRODUCT_NAME = "Tic-Tac_Toe";
				SDKROOT = macosx;
				SWIFT_EMIT_LOC_STRINGS = YES;
				SWIFT_VERSION = 5.0;
			};
			name = Release;
		};
/* End XCBuildConfiguration section */

/* Begin XCConfigurationList section */
		F2576CE027AF23AA00F2B50F /* Build configuration list for PBXProject "Tic-Tac_Toe" */ = {
			isa = XCConfigurationList;
			buildConfigurations = (
				F2576CF827AF23AB00F2B50F /* Debug */,
				F2576CF927AF23AB00F2B50F /* Release */,
			);
			defaultConfigurationIsVisible = 0;
			defaultConfigurationName = Release;
		};
		F2576CFA27AF23AB00F2B50F /* Build configuration list for PBXNativeTarget "Tic-Tac_Toe (iOS)" */ = {
			isa = XCConfigurationList;
			buildConfigurations = (
				F2576CFB27AF23AB00F2B50F /* Debug */,
				F2576CFC27AF23AB00F2B50F /* Release */,
			);
			defaultConfigurationIsVisible = 0;
			defaultConfigurationName = Release;
		};
		F2576CFD27AF23AB00F2B50F /* Build configuration list for PBXNativeTarget "Tic-Tac_Toe (macOS)" */ = {
			isa = XCConfigurationList;
			buildConfigurations = (
				F2576CFE27AF23AB00F2B50F /* Debug */,
				F2576CFF27AF23AB00F2B50F /* Release */,
			);
			defaultConfigurationIsVisible = 0;
			defaultConfigurationName = Release;
		};
/* End XCConfigurationList section */
	};
	rootObject = F2576CDD27AF23AA00F2B50F /* Project object */;
}
